
Microsoft Visual Studio Solution File, Format Version 12.00
# Visual Studio Version 17
VisualStudioVersion = 17.14.36811.4 d17.14
MinimumVisualStudioVersion = 10.0.40219.1
Project("{FAE04EC0-301F-11D3-BF4B-00C04F79EFBC}") = "ProductsAssignment", "ProductsAssignment\ProductsAssignment.csproj", "{4BF39F73-C762-45A6-9F8F-DE30D43AF2C7}"
EndProject
Global
	GlobalSection(SolutionConfigurationPlatforms) = preSolution
		Debug|Any CPU = Debug|Any CPU
		Release|Any CPU = Release|Any CPU
	EndGlobalSection
	GlobalSection(ProjectConfigurationPlatforms) = postSolution
		{4BF39F73-C762-45A6-9F8F-DE30D43AF2C7}.Debug|Any CPU.ActiveCfg = Debug|Any CPU
		{4BF39F73-C762-45A6-9F8F-DE30D43AF2C7}.Debug|Any CPU.Build.0 = Debug|Any CPU
		{4BF39F73-C762-45A6-9F8F-DE30D43AF2C7}.Release|Any CPU.ActiveCfg = Release|Any CPU
		{4BF39F73-C762-45A6-9F8F-DE30D43AF2C7}.Release|Any CPU.Build.0 = Release|Any CPU
	EndGlobalSection
	GlobalSection(SolutionProperties) = preSolution
		HideSolutionNode = FALSE
	EndGlobalSection
	GlobalSection(ExtensibilityGlobals) = postSolution
		SolutionGuid = {E4809A43-F0A4-4BE8-A069-A07C94301783}
	EndGlobalSection
EndGlobal
