
Microsoft Visual Studio Solution File, Format Version 12.00
# Visual Studio Version 17
VisualStudioVersion = 17.14.36811.4 d17.14
MinimumVisualStudioVersion = 10.0.40219.1
Project("{FAE04EC0-301F-11D3-BF4B-00C04F79EFBC}") = "ASPAssignement1", "ASPAssignement1\ASPAssignement1.csproj", "{FEAA2848-FCCA-4320-B65D-4EA9A76D9517}"
EndProject
Global
	GlobalSection(SolutionConfigurationPlatforms) = preSolution
		Debug|Any CPU = Debug|Any CPU
		Release|Any CPU = Release|Any CPU
	EndGlobalSection
	GlobalSection(ProjectConfigurationPlatforms) = postSolution
		{FEAA2848-FCCA-4320-B65D-4EA9A76D9517}.Debug|Any CPU.ActiveCfg = Debug|Any CPU
		{FEAA2848-FCCA-4320-B65D-4EA9A76D9517}.Debug|Any CPU.Build.0 = Debug|Any CPU
		{FEAA2848-FCCA-4320-B65D-4EA9A76D9517}.Release|Any CPU.ActiveCfg = Release|Any CPU
		{FEAA2848-FCCA-4320-B65D-4EA9A76D9517}.Release|Any CPU.Build.0 = Release|Any CPU
	EndGlobalSection
	GlobalSection(SolutionProperties) = preSolution
		HideSolutionNode = FALSE
	EndGlobalSection
	GlobalSection(ExtensibilityGlobals) = postSolution
		SolutionGuid = {BC8B185D-1109-4360-97D6-D97B9D0049FF}
	EndGlobalSection
EndGlobal
